{
  "version": 4,
  "terraform_version": "1.2.9",
  "serial": 33,
  "lineage": "d59f0b4e-e338-62d8-c655-52a9b14256f3",
  "outputs": {
    "instance-OCID": {
      "value": "ocid1.instance.oc1.iad.anuwcljstw3p3facixl3uxbjqt4p4cd3nhrkpiqokdbqwpnu3pt337l5qj6a",
      "type": "string"
    },
    "instance-OCPUs": {
      "value": 1,
      "type": "number"
    },
    "instance-memory-in-GBs": {
      "value": 8,
      "type": "number"
    },
    "instance-name": {
      "value": "your-ubuntu-instance-name",
      "type": "string"
    },
    "instance-region": {
      "value": "iad",
      "type": "string"
    },
    "instance-shape": {
      "value": "VM.Standard.E2.1",
      "type": "string"
    },
    "instance-state": {
      "value": "RUNNING",
      "type": "string"
    },
    "name-of-first-availability-domain": {
      "value": "OYMW:US-ASHBURN-AD-1",
      "type": "string"
    },
    "public-ip-for-compute-instance": {
      "value": "132.145.184.143",
      "type": "string"
    },
    "time-created": {
      "value": "2022-09-26 08:47:58.881 +0000 UTC",
      "type": "string"
    }
  },
  "resources": [
    {
      "mode": "data",
      "type": "oci_identity_availability_domains",
      "name": "ads",
      "provider": "provider[\"registry.terraform.io/hashicorp/oci\"]",
      "instances": [
        {
          "schema_version": 0,
          "attributes": {
            "availability_domains": [
              {
                "compartment_id": "ocid1.compartment.oc1..aaaaaaaau3nbpnuhyvxg7qsjcmorpl4abtq23jzyyspeoabhofx5jq3aug5q",
                "id": "ocid1.availabilitydomain.oc1..aaaaaaaaztunlny6ae4yw2vghp5go2zceaonwp6wiioe3tnh2vlaxjjl2n3a",
                "name": "OYMW:US-ASHBURN-AD-1"
              },
              {
                "compartment_id": "ocid1.compartment.oc1..aaaaaaaau3nbpnuhyvxg7qsjcmorpl4abtq23jzyyspeoabhofx5jq3aug5q",
                "id": "ocid1.availabilitydomain.oc1..aaaaaaaauvt2n7pijol7uqgdnnsoojcukrijtmcltvfwxazmitk235wyohta",
                "name": "OYMW:US-ASHBURN-AD-2"
              },
              {
                "compartment_id": "ocid1.compartment.oc1..aaaaaaaau3nbpnuhyvxg7qsjcmorpl4abtq23jzyyspeoabhofx5jq3aug5q",
                "id": "ocid1.availabilitydomain.oc1..aaaaaaaatrwxaogr7dl4yschqtrmqrdv6uzis3mgbnomiagqrfhcb7mxsfdq",
                "name": "OYMW:US-ASHBURN-AD-3"
              }
            ],
            "compartment_id": "ocid1.compartment.oc1..aaaaaaaau3nbpnuhyvxg7qsjcmorpl4abtq23jzyyspeoabhofx5jq3aug5q",
            "filter": null,
            "id": "IdentityAvailabilityDomainsDataSource-2720070774"
          },
          "sensitive_attributes": []
        }
      ]
    },
    {
      "mode": "managed",
      "type": "oci_core_instance",
      "name": "ubuntu_instance",
      "provider": "provider[\"registry.terraform.io/hashicorp/oci\"]",
      "instances": [
        {
          "schema_version": 0,
          "attributes": {
            "agent_config": [
              {
                "are_all_plugins_disabled": false,
                "is_management_disabled": false,
                "is_monitoring_disabled": false,
                "plugins_config": []
              }
            ],
            "async": null,
            "availability_config": [
              {
                "is_live_migration_preferred": false,
                "recovery_action": "RESTORE_INSTANCE"
              }
            ],
            "availability_domain": "OYMW:US-ASHBURN-AD-1",
            "boot_volume_id": "ocid1.bootvolume.oc1.iad.abuwcljsg7jl2aiha3qjhuj6dvrw2mb7wde7bnos6bnte73zqytp3ozee5aq",
            "capacity_reservation_id": null,
            "compartment_id": "ocid1.compartment.oc1..aaaaaaaau3nbpnuhyvxg7qsjcmorpl4abtq23jzyyspeoabhofx5jq3aug5q",
            "create_vnic_details": [
              {
                "assign_private_dns_record": false,
                "assign_public_ip": "true",
                "defined_tags": {
                  "Oracle-Tags.CreatedBy": "default/sm786_sohaib@hotmail.com",
                  "Oracle-Tags.CreatedOn": "2022-09-26T08:47:58.340Z"
                },
                "display_name": "your-ubuntu-instance-name",
                "freeform_tags": {},
                "hostname_label": "",
                "nsg_ids": null,
                "private_ip": "10.0.0.172",
                "skip_source_dest_check": false,
                "subnet_id": "ocid1.subnet.oc1.iad.aaaaaaaa3xn4t6imkezojwhk4yklypelmcrun6sdeqzf3iqbfnx6leuwjyba",
                "vlan_id": ""
              }
            ],
            "dedicated_vm_host_id": null,
            "defined_tags": {
              "Oracle-Tags.CreatedBy": "default/sm786_sohaib@hotmail.com",
              "Oracle-Tags.CreatedOn": "2022-09-26T08:47:58.086Z"
            },
            "display_name": "your-ubuntu-instance-name",
            "extended_metadata": null,
            "fault_domain": "FAULT-DOMAIN-1",
            "freeform_tags": {},
            "hostname_label": "",
            "id": "ocid1.instance.oc1.iad.anuwcljstw3p3facixl3uxbjqt4p4cd3nhrkpiqokdbqwpnu3pt337l5qj6a",
            "image": "ocid1.image.oc1.iad.aaaaaaaa2zjkrjfmn2qv6mkcupitlf6ittlm7pjap5oi3oppsmtfbgkmxscq",
            "instance_options": [
              {
                "are_legacy_imds_endpoints_disabled": false
              }
            ],
            "ipxe_script": null,
            "is_pv_encryption_in_transit_enabled": null,
            "launch_mode": "PARAVIRTUALIZED",
            "launch_options": [
              {
                "boot_volume_type": "PARAVIRTUALIZED",
                "firmware": "UEFI_64",
                "is_consistent_volume_naming_enabled": true,
                "is_pv_encryption_in_transit_enabled": false,
                "network_type": "PARAVIRTUALIZED",
                "remote_data_volume_type": "PARAVIRTUALIZED"
              }
            ],
            "metadata": {
              "ssh_authorized_keys": "ssh-rsa AAAAB3NzaC1yc2EAAAADAQABAAABAQDnUMeSGyg5Tu3Y5Vzm8BiNiBcJbTCsndn3EhaH8QkWfYkI5ROZxrxvjhIn4sKdTenDdAczLvujZfVx8eG4nJ7ez513MyLg6HZIK+LS2s1jXX913CdqOqd6lLFdfUU6w0oZ/8UZPGlVX90HdWMwmKDQ9BEUwXWRHmZlQRff+mVDECRP7iIE0EbsvX+pOX9dQngvL5qnaACy/TCZeqvFh8o3B6SFz4e0giI9Hctate+nyHRgn4hSni+70YglNetc7eMiPyRv5T2kgxOhz8PZX7jrxFLBtbI2zvkEH3LbggFcv86gSLxBpDmGYs5fpJQNvbyboA0qwNDK9FCxIENhbMMh root@localhost.localdomain\n",
              "user_data": "IyEvYmluL2Jhc2gKc3VkbyBzdSByb290CnNlZCAtaSAnMCwvI1Bhc3N3b3JkQXV0aGVudGljYXRpb24geWVzL3MvL1Bhc3N3b3JkQXV0aGVudGljYXRpb24geWVzLycgL2V0Yy9zc2gvc3NoZF9jb25maWcKZWNobyAicm9vdDpUcHNUcHNfMSIgfCBjaHBhc3N3ZApzeXN0ZW1jdGwgcmVzdGFydCBzc2hkCnN1ZG8gYXB0IGluc3RhbGwgYXBhY2hlMiAteQpzdWRvIGVjaG8gInN5c3RlbW1tbSIgPj4gL3Zhci93d3cvaHRtbC9pbmRleC5odG1sLwpzdWRvIHN5c3RlbWN0bCByZXN0YXJ0IGFwYWNoZTI="
            },
            "platform_config": [],
            "preemptible_instance_config": [],
            "preserve_boot_volume": false,
            "private_ip": "10.0.0.172",
            "public_ip": "132.145.184.143",
            "region": "iad",
            "shape": "VM.Standard.E2.1",
            "shape_config": [
              {
                "baseline_ocpu_utilization": "",
                "gpu_description": "",
                "gpus": 0,
                "local_disk_description": "",
                "local_disks": 0,
                "local_disks_total_size_in_gbs": 0,
                "max_vnic_attachments": 2,
                "memory_in_gbs": 8,
                "networking_bandwidth_in_gbps": 0.699999988079071,
                "nvmes": 0,
                "ocpus": 1,
                "processor_description": "2.0 GHz AMD EPYC™ 7551 (Naples)"
              }
            ],
            "source_details": [
              {
                "boot_volume_size_in_gbs": "47",
                "boot_volume_vpus_per_gb": "10",
                "kms_key_id": "",
                "source_id": "ocid1.image.oc1.iad.aaaaaaaa2zjkrjfmn2qv6mkcupitlf6ittlm7pjap5oi3oppsmtfbgkmxscq",
                "source_type": "image"
              }
            ],
            "state": "RUNNING",
            "subnet_id": "ocid1.subnet.oc1.iad.aaaaaaaa3xn4t6imkezojwhk4yklypelmcrun6sdeqzf3iqbfnx6leuwjyba",
            "system_tags": {},
            "time_created": "2022-09-26 08:47:58.881 +0000 UTC",
            "time_maintenance_reboot_due": "",
            "timeouts": null
          },
          "sensitive_attributes": [],
          "private": "eyJlMmJmYjczMC1lY2FhLTExZTYtOGY4OC0zNDM2M2JjN2M0YzAiOnsiY3JlYXRlIjoyNzAwMDAwMDAwMDAwLCJkZWxldGUiOjQ1MDAwMDAwMDAwMDAsInVwZGF0ZSI6MjcwMDAwMDAwMDAwMH19",
          "dependencies": [
            "data.oci_identity_availability_domains.ads"
          ]
        }
      ]
    },
    {
      "mode": "managed",
      "type": "oci_core_volume",
      "name": "test_block_volume_paravirtualized",
      "provider": "provider[\"registry.terraform.io/hashicorp/oci\"]",
      "instances": [
        {
          "schema_version": 0,
          "attributes": {
            "auto_tuned_vpus_per_gb": null,
            "autotune_policies": [],
            "availability_domain": "OYMW:US-ASHBURN-AD-1",
            "backup_policy_id": null,
            "block_volume_replicas": [],
            "block_volume_replicas_deletion": null,
            "compartment_id": "ocid1.compartment.oc1..aaaaaaaau3nbpnuhyvxg7qsjcmorpl4abtq23jzyyspeoabhofx5jq3aug5q",
            "defined_tags": {
              "Oracle-Tags.CreatedBy": "default/sm786_sohaib@hotmail.com",
              "Oracle-Tags.CreatedOn": "2022-09-26T08:47:57.906Z"
            },
            "display_name": "volume_display_name",
            "freeform_tags": {},
            "id": "ocid1.volume.oc1.iad.abuwcljsju7yncw6n7ct7bnypxwbc75kscjskgyxg4gkp5ocix5syiyifvpa",
            "is_auto_tune_enabled": false,
            "is_hydrated": true,
            "kms_key_id": null,
            "size_in_gbs": "60",
            "size_in_mbs": "61440",
            "source_details": [],
            "state": "AVAILABLE",
            "system_tags": {
              "orcl-cloud.free-tier-retained": "true"
            },
            "time_created": "2022-09-26 08:47:57.949 +0000 UTC",
            "timeouts": null,
            "volume_backup_id": null,
            "volume_group_id": null,
            "vpus_per_gb": "10"
          },
          "sensitive_attributes": [],
          "private": "eyJlMmJmYjczMC1lY2FhLTExZTYtOGY4OC0zNDM2M2JjN2M0YzAiOnsiY3JlYXRlIjoxMjAwMDAwMDAwMDAwLCJkZWxldGUiOjEyMDAwMDAwMDAwMDAsInVwZGF0ZSI6MTIwMDAwMDAwMDAwMH19",
          "dependencies": [
            "data.oci_identity_availability_domains.ads"
          ]
        }
      ]
    },
    {
      "mode": "managed",
      "type": "oci_core_volume_attachment",
      "name": "test_block_volume_attach_paravirtualized",
      "provider": "provider[\"registry.terraform.io/hashicorp/oci\"]",
      "instances": [
        {
          "schema_version": 0,
          "attributes": {
            "attachment_type": "paravirtualized",
            "availability_domain": "OYMW:US-ASHBURN-AD-1",
            "chap_secret": null,
            "chap_username": null,
            "compartment_id": "ocid1.compartment.oc1..aaaaaaaau3nbpnuhyvxg7qsjcmorpl4abtq23jzyyspeoabhofx5jq3aug5q",
            "device": null,
            "display_name": "volumeattachment20220926084856",
            "encryption_in_transit_type": null,
            "id": "ocid1.volumeattachment.oc1.iad.anuwcljstw3p3fac4qphqshakcwysskw72gdqlifb3ai3kpo3ypsissz7gta",
            "instance_id": "ocid1.instance.oc1.iad.anuwcljstw3p3facixl3uxbjqt4p4cd3nhrkpiqokdbqwpnu3pt337l5qj6a",
            "ipv4": null,
            "iqn": null,
            "is_agent_auto_iscsi_login_enabled": null,
            "is_multipath": null,
            "is_pv_encryption_in_transit_enabled": false,
            "is_read_only": false,
            "is_shareable": false,
            "iscsi_login_state": "",
            "multipath_devices": [],
            "port": null,
            "state": "ATTACHED",
            "time_created": "2022-09-26 08:48:56.932 +0000 UTC",
            "timeouts": null,
            "use_chap": null,
            "volume_id": "ocid1.volume.oc1.iad.abuwcljsju7yncw6n7ct7bnypxwbc75kscjskgyxg4gkp5ocix5syiyifvpa"
          },
          "sensitive_attributes": [],
          "private": "eyJlMmJmYjczMC1lY2FhLTExZTYtOGY4OC0zNDM2M2JjN2M0YzAiOnsiY3JlYXRlIjoxMjAwMDAwMDAwMDAwLCJkZWxldGUiOjEyMDAwMDAwMDAwMDAsInVwZGF0ZSI6MTIwMDAwMDAwMDAwMH19",
          "dependencies": [
            "data.oci_identity_availability_domains.ads",
            "oci_core_instance.ubuntu_instance",
            "oci_core_volume.test_block_volume_paravirtualized"
          ]
        }
      ]
    }
  ]
}
